Microsoft Visual Studio Solution File, Format Version 12.00
# Visual Studio Version 17
VisualStudioVersion = 17.0.31611.283
MinimumVisualStudioVersion = 10.0.40219.1
Project("{9A19103F-16F7-4668-BE54-9A1E7A4F7556}") = "MAUIBlazorSharedState", "MAUIBlazorSharedState\MAUIBlazorSharedState.csproj", "{9DB3F1A1-6636-46C4-A27C-AEA39612D6EB}"
EndProject
Global
	GlobalSection(SolutionConfigurationPlatforms) = preSolution
		Debug|Any CPU = Debug|Any CPU
		Release|Any CPU = Release|Any CPU
	EndGlobalSection
	GlobalSection(ProjectConfigurationPlatforms) = postSolution
		{9DB3F1A1-6636-46C4-A27C-AEA39612D6EB}.Debug|Any CPU.ActiveCfg = Debug|Any CPU
		{9DB3F1A1-6636-46C4-A27C-AEA39612D6EB}.Debug|Any CPU.Build.0 = Debug|Any CPU
		{9DB3F1A1-6636-46C4-A27C-AEA39612D6EB}.Debug|Any CPU.Deploy.0 = Debug|Any CPU
		{9DB3F1A1-6636-46C4-A27C-AEA39612D6EB}.Release|Any CPU.ActiveCfg = Release|Any CPU
		{9DB3F1A1-6636-46C4-A27C-AEA39612D6EB}.Release|Any CPU.Build.0 = Release|Any CPU
		{9DB3F1A1-6636-46C4-A27C-AEA39612D6EB}.Release|Any CPU.Deploy.0 = Release|Any CPU
	EndGlobalSection
	GlobalSection(SolutionProperties) = preSolution
		HideSolutionNode = FALSE
	EndGlobalSection
	GlobalSection(ExtensibilityGlobals) = postSolution
		        SolutionGuid = {61F7FB11-1E47-470C-91E2-47F8143E1572}
		SolutionGuid = {23D0B49C-F649-49AD-85E1-3F9D98FB82B2}
	EndGlobalSection
EndGlobal
